
Microsoft Visual Studio Solution File, Format Version 12.00
# Visual Studio Version 16
VisualStudioVersion = 16.0.29613.14
MinimumVisualStudioVersion = 10.0.40219.1
Project("{FAE04EC0-301F-11D3-BF4B-00C04F79EFBC}") = "SharePointPlugin", "SharePointPlugin.csproj", "{BA71900A-072B-49E7-BA09-A7FBF2B26980}"
EndProject
Global
	GlobalSection(SolutionConfigurationPlatforms) = preSolution
		Debug|Any CPU = Debug|Any CPU
		Release|Any CPU = Release|Any CPU
	EndGlobalSection
	GlobalSection(ProjectConfigurationPlatforms) = postSolution
		{BA71900A-072B-49E7-BA09-A7FBF2B26980}.Debug|Any CPU.ActiveCfg = Debug|Any CPU
		{BA71900A-072B-49E7-BA09-A7FBF2B26980}.Debug|Any CPU.Build.0 = Debug|Any CPU
		{BA71900A-072B-49E7-BA09-A7FBF2B26980}.Release|Any CPU.ActiveCfg = Release|Any CPU
		{BA71900A-072B-49E7-BA09-A7FBF2B26980}.Release|Any CPU.Build.0 = Release|Any CPU
	EndGlobalSection
	GlobalSection(SolutionProperties) = preSolution
		HideSolutionNode = FALSE
	EndGlobalSection
	GlobalSection(ExtensibilityGlobals) = postSolution
		SolutionGuid = {4E3421BD-2684-476E-B459-1E98ABE72387}
	EndGlobalSection
EndGlobal
