
Microsoft Visual Studio Solution File, Format Version 12.00
# Visual Studio Version 16
VisualStudioVersion = 16.0.29613.14
MinimumVisualStudioVersion = 10.0.40219.1
Project("{9A19103F-16F7-4668-BE54-9A1E7A4F7556}") = "CallAPI", "CallAPI.csproj", "{782ABAD7-504D-487F-A038-3937C7EE2A66}"
EndProject
Project("{FAE04EC0-301F-11D3-BF4B-00C04F79EFBC}") = "Connector", "..\Connector\Connector.csproj", "{3F2C3574-D1C1-4AE6-803E-21AC97ABE5EF}"
EndProject
Global
	GlobalSection(SolutionConfigurationPlatforms) = preSolution
		Debug|Any CPU = Debug|Any CPU
		Release|Any CPU = Release|Any CPU
	EndGlobalSection
	GlobalSection(ProjectConfigurationPlatforms) = postSolution
		{782ABAD7-504D-487F-A038-3937C7EE2A66}.Debug|Any CPU.ActiveCfg = Debug|Any CPU
		{782ABAD7-504D-487F-A038-3937C7EE2A66}.Debug|Any CPU.Build.0 = Debug|Any CPU
		{782ABAD7-504D-487F-A038-3937C7EE2A66}.Release|Any CPU.ActiveCfg = Release|Any CPU
		{782ABAD7-504D-487F-A038-3937C7EE2A66}.Release|Any CPU.Build.0 = Release|Any CPU
		{3F2C3574-D1C1-4AE6-803E-21AC97ABE5EF}.Debug|Any CPU.ActiveCfg = Debug|Any CPU
		{3F2C3574-D1C1-4AE6-803E-21AC97ABE5EF}.Debug|Any CPU.Build.0 = Debug|Any CPU
		{3F2C3574-D1C1-4AE6-803E-21AC97ABE5EF}.Release|Any CPU.ActiveCfg = Release|Any CPU
		{3F2C3574-D1C1-4AE6-803E-21AC97ABE5EF}.Release|Any CPU.Build.0 = Release|Any CPU
	EndGlobalSection
	GlobalSection(SolutionProperties) = preSolution
		HideSolutionNode = FALSE
	EndGlobalSection
	GlobalSection(ExtensibilityGlobals) = postSolution
		SolutionGuid = {C06D0448-C52A-46CF-87DB-4E269D5D1CDB}
	EndGlobalSection
EndGlobal
